
Microsoft Visual Studio Solution File, Format Version 12.00
Project("{FAE04EC0-301F-11D3-BF4B-00C04F79EFBC}") = "BaseAdmin", "BaseAdmin\BaseAdmin.csproj", "{C1A01DD4-983A-4654-9CA5-B757180B081A}"
EndProject
Project("{FAE04EC0-301F-11D3-BF4B-00C04F79EFBC}") = "BaseAdminApi", "BaseAdminApi\BaseAdminApi.csproj", "{369B6842-6EFE-4EF6-B6B8-D4D0D36170E7}"
EndProject
Project("{FAE04EC0-301F-11D3-BF4B-00C04F79EFBC}") = "TestPluginF", "Modules\TestPluginF\TestPluginF.csproj", "{B2D46AAC-1D04-4F1A-9F6A-939C09C8B6FA}"
EndProject
Global
	GlobalSection(SolutionConfigurationPlatforms) = preSolution
		Debug|Any CPU = Debug|Any CPU
		Release|Any CPU = Release|Any CPU
	EndGlobalSection
	GlobalSection(ProjectConfigurationPlatforms) = postSolution
		{C1A01DD4-983A-4654-9CA5-B757180B081A}.Debug|Any CPU.ActiveCfg = Debug|Any CPU
		{C1A01DD4-983A-4654-9CA5-B757180B081A}.Debug|Any CPU.Build.0 = Debug|Any CPU
		{C1A01DD4-983A-4654-9CA5-B757180B081A}.Release|Any CPU.ActiveCfg = Release|Any CPU
		{C1A01DD4-983A-4654-9CA5-B757180B081A}.Release|Any CPU.Build.0 = Release|Any CPU
		{369B6842-6EFE-4EF6-B6B8-D4D0D36170E7}.Debug|Any CPU.ActiveCfg = Debug|Any CPU
		{369B6842-6EFE-4EF6-B6B8-D4D0D36170E7}.Debug|Any CPU.Build.0 = Debug|Any CPU
		{369B6842-6EFE-4EF6-B6B8-D4D0D36170E7}.Release|Any CPU.ActiveCfg = Release|Any CPU
		{369B6842-6EFE-4EF6-B6B8-D4D0D36170E7}.Release|Any CPU.Build.0 = Release|Any CPU
		{B2D46AAC-1D04-4F1A-9F6A-939C09C8B6FA}.Debug|Any CPU.ActiveCfg = Debug|Any CPU
		{B2D46AAC-1D04-4F1A-9F6A-939C09C8B6FA}.Debug|Any CPU.Build.0 = Debug|Any CPU
		{B2D46AAC-1D04-4F1A-9F6A-939C09C8B6FA}.Release|Any CPU.ActiveCfg = Release|Any CPU
		{B2D46AAC-1D04-4F1A-9F6A-939C09C8B6FA}.Release|Any CPU.Build.0 = Release|Any CPU
	EndGlobalSection
EndGlobal
